
Microsoft Visual Studio Solution File, Format Version 12.00
# Visual Studio Version 17
VisualStudioVersion = 17.1.32210.238
MinimumVisualStudioVersion = 10.0.40219.1
Project("{8BC9CEB8-8B4A-11D0-8D11-00A0C91BC942}") = "boardAndHorse", "boardAndHorse.vcxproj", "{5C60943E-7CFC-4A0B-BAAB-87205D4C7CC1}"
EndProject
Global
	GlobalSection(SolutionConfigurationPlatforms) = preSolution
		Debug|x64 = Debug|x64
		Debug|x86 = Debug|x86
		Release|x64 = Release|x64
		Release|x86 = Release|x86
	EndGlobalSection
	GlobalSection(ProjectConfigurationPlatforms) = postSolution
		{5C60943E-7CFC-4A0B-BAAB-87205D4C7CC1}.Debug|x64.ActiveCfg = Debug|x64
		{5C60943E-7CFC-4A0B-BAAB-87205D4C7CC1}.Debug|x64.Build.0 = Debug|x64
		{5C60943E-7CFC-4A0B-BAAB-87205D4C7CC1}.Debug|x86.ActiveCfg = Debug|Win32
		{5C60943E-7CFC-4A0B-BAAB-87205D4C7CC1}.Debug|x86.Build.0 = Debug|Win32
		{5C60943E-7CFC-4A0B-BAAB-87205D4C7CC1}.Release|x64.ActiveCfg = Release|x64
		{5C60943E-7CFC-4A0B-BAAB-87205D4C7CC1}.Release|x64.Build.0 = Release|x64
		{5C60943E-7CFC-4A0B-BAAB-87205D4C7CC1}.Release|x86.ActiveCfg = Release|Win32
		{5C60943E-7CFC-4A0B-BAAB-87205D4C7CC1}.Release|x86.Build.0 = Release|Win32
	EndGlobalSection
	GlobalSection(SolutionProperties) = preSolution
		HideSolutionNode = FALSE
	EndGlobalSection
	GlobalSection(ExtensibilityGlobals) = postSolution
		SolutionGuid = {FB825284-7F31-413B-AEC7-A43B9FE1FFE7}
	EndGlobalSection
EndGlobal
